
Microsoft Visual Studio Solution File, Format Version 12.00
# Visual Studio Version 17
VisualStudioVersion = 17.2.32516.85
MinimumVisualStudioVersion = 10.0.40219.1
Project("{FAE04EC0-301F-11D3-BF4B-00C04F79EFBC}") = "IteratorsAndComparators", "IteratorsAndComparators\IteratorsAndComparators.csproj", "{F198600F-4811-498D-9A41-158AA24748A0}"
EndProject
Project("{FAE04EC0-301F-11D3-BF4B-00C04F79EFBC}") = "CompareExamples", "CompareExamples\CompareExamples.csproj", "{BBF31503-CCB6-4242-9474-D7F67873F953}"
EndProject
Global
	GlobalSection(SolutionConfigurationPlatforms) = preSolution
		Debug|Any CPU = Debug|Any CPU
		Release|Any CPU = Release|Any CPU
	EndGlobalSection
	GlobalSection(ProjectConfigurationPlatforms) = postSolution
		{F198600F-4811-498D-9A41-158AA24748A0}.Debug|Any CPU.ActiveCfg = Debug|Any CPU
		{F198600F-4811-498D-9A41-158AA24748A0}.Debug|Any CPU.Build.0 = Debug|Any CPU
		{F198600F-4811-498D-9A41-158AA24748A0}.Release|Any CPU.ActiveCfg = Release|Any CPU
		{F198600F-4811-498D-9A41-158AA24748A0}.Release|Any CPU.Build.0 = Release|Any CPU
		{BBF31503-CCB6-4242-9474-D7F67873F953}.Debug|Any CPU.ActiveCfg = Debug|Any CPU
		{BBF31503-CCB6-4242-9474-D7F67873F953}.Debug|Any CPU.Build.0 = Debug|Any CPU
		{BBF31503-CCB6-4242-9474-D7F67873F953}.Release|Any CPU.ActiveCfg = Release|Any CPU
		{BBF31503-CCB6-4242-9474-D7F67873F953}.Release|Any CPU.Build.0 = Release|Any CPU
	EndGlobalSection
	GlobalSection(SolutionProperties) = preSolution
		HideSolutionNode = FALSE
	EndGlobalSection
	GlobalSection(ExtensibilityGlobals) = postSolution
		SolutionGuid = {C2A1DB7C-3F86-4298-8AE5-45E378440FFD}
	EndGlobalSection
EndGlobal
